
Microsoft Visual Studio Solution File, Format Version 12.00
# Visual Studio Version 17
VisualStudioVersion = 17.9.34714.143
MinimumVisualStudioVersion = 10.0.40219.1
Project("{FAE04EC0-301F-11D3-BF4B-00C04F79EFBC}") = "RecipeApplication1", "RecipeApplication1\RecipeApplication1.csproj", "{63E36294-B98F-40F0-A25B-BD8638B70AF6}"
EndProject
Global
	GlobalSection(SolutionConfigurationPlatforms) = preSolution
		Debug|Any CPU = Debug|Any CPU
		Release|Any CPU = Release|Any CPU
	EndGlobalSection
	GlobalSection(ProjectConfigurationPlatforms) = postSolution
		{63E36294-B98F-40F0-A25B-BD8638B70AF6}.Debug|Any CPU.ActiveCfg = Debug|Any CPU
		{63E36294-B98F-40F0-A25B-BD8638B70AF6}.Debug|Any CPU.Build.0 = Debug|Any CPU
		{63E36294-B98F-40F0-A25B-BD8638B70AF6}.Release|Any CPU.ActiveCfg = Release|Any CPU
		{63E36294-B98F-40F0-A25B-BD8638B70AF6}.Release|Any CPU.Build.0 = Release|Any CPU
	EndGlobalSection
	GlobalSection(SolutionProperties) = preSolution
		HideSolutionNode = FALSE
	EndGlobalSection
	GlobalSection(ExtensibilityGlobals) = postSolution
		SolutionGuid = {DFE73549-50C4-43D0-A164-5B195059E513}
	EndGlobalSection
EndGlobal
